
Microsoft Visual Studio Solution File, Format Version 12.00
# Visual Studio Version 16
VisualStudioVersion = 16.0.29613.14
MinimumVisualStudioVersion = 10.0.40219.1
Project("{FAE04EC0-301F-11D3-BF4B-00C04F79EFBC}") = "HRUpnp", "HRUpnp\HRUpnp.csproj", "{1A8AB9DD-4EB2-4CC0-903A-6ADB59385653}"
EndProject
Global
	GlobalSection(SolutionConfigurationPlatforms) = preSolution
		Debug|Any CPU = Debug|Any CPU
		Release|Any CPU = Release|Any CPU
	EndGlobalSection
	GlobalSection(ProjectConfigurationPlatforms) = postSolution
		{1A8AB9DD-4EB2-4CC0-903A-6ADB59385653}.Debug|Any CPU.ActiveCfg = Debug|Any CPU
		{1A8AB9DD-4EB2-4CC0-903A-6ADB59385653}.Debug|Any CPU.Build.0 = Debug|Any CPU
		{1A8AB9DD-4EB2-4CC0-903A-6ADB59385653}.Release|Any CPU.ActiveCfg = Release|Any CPU
		{1A8AB9DD-4EB2-4CC0-903A-6ADB59385653}.Release|Any CPU.Build.0 = Release|Any CPU
	EndGlobalSection
	GlobalSection(SolutionProperties) = preSolution
		HideSolutionNode = FALSE
	EndGlobalSection
	GlobalSection(ExtensibilityGlobals) = postSolution
		SolutionGuid = {23313341-32BD-4602-BFBC-A9F8B5682A58}
	EndGlobalSection
EndGlobal
